// !$*UTF8*$!
{
	archiveVersion = 1;
	classes = {
	};
	objectVersion = 46;
	objects = {

/* Begin PBXBuildFile section */
		0021B2641855835900C42444 /* MultitouchSupport.framework in Frameworks */ = {isa = PBXBuildFile; fileRef = 0021B2631855835900C42444 /* MultitouchSupport.framework */; };
		0021B2661855836100C42444 /* Sparkle.framework in Frameworks */ = {isa = PBXBuildFile; fileRef = 0021B2651855836100C42444 /* Sparkle.framework */; };
		0021B2671855836400C42444 /* Sparkle.framework in CopyFiles */ = {isa = PBXBuildFile; fileRef = 0021B2651855836100C42444 /* Sparkle.framework */; settings = {ATTRIBUTES = (CodeSignOnCopy, ); }; };
		00D15F1E1855535500336935 /* AppButtonCell.m in Sources */ = {isa = PBXBuildFile; fileRef = 00D15EEC1855535500336935 /* AppButtonCell.m */; };
		00D15F1F1855535500336935 /* AppController.m in Sources */ = {isa = PBXBuildFile; fileRef = 00D15EEE1855535500336935 /* AppController.m */; };
		00D15F201855535500336935 /* Application.m in Sources */ = {isa = PBXBuildFile; fileRef = 00D15EF01855535500336935 /* Application.m */; };
		00D15F211855535500336935 /* AppSegmentedCell.m in Sources */ = {isa = PBXBuildFile; fileRef = 00D15EF21855535500336935 /* AppSegmentedCell.m */; };
		00D15F221855535500336935 /* AppTextFieldCell.m in Sources */ = {isa = PBXBuildFile; fileRef = 00D15EF41855535500336935 /* AppTextFieldCell.m */; };
		00D15F231855535500336935 /* setupWindowBackground.png in Resources */ = {isa = PBXBuildFile; fileRef = 00D15EF51855535500336935 /* setupWindowBackground.png */; };
		00D15F241855535500336935 /* Launchable.m in Sources */ = {isa = PBXBuildFile; fileRef = 00D15EF71855535500336935 /* Launchable.m */; };
		00D15F251855535500336935 /* main.m in Sources */ = {isa = PBXBuildFile; fileRef = 00D15EF81855535500336935 /* main.m */; };
		00D15F261855535500336935 /* MainMenu.xib in Resources */ = {isa = PBXBuildFile; fileRef = 00D15EF91855535500336935 /* MainMenu.xib */; };
		00D15F271855535500336935 /* MultitouchEvent.m in Sources */ = {isa = PBXBuildFile; fileRef = 00D15EFB1855535500336935 /* MultitouchEvent.m */; };
		00D15F281855535500336935 /* MultitouchListener.m in Sources */ = {isa = PBXBuildFile; fileRef = 00D15EFD1855535500336935 /* MultitouchListener.m */; };
		00D15F291855535500336935 /* MultitouchManager.m in Sources */ = {isa = PBXBuildFile; fileRef = 00D15EFF1855535500336935 /* MultitouchManager.m */; };
		00D15F2A1855535500336935 /* MultitouchTouch.m in Sources */ = {isa = PBXBuildFile; fileRef = 00D15F021855535500336935 /* MultitouchTouch.m */; };
		00D15F2B1855535500336935 /* NSBezierPath+MCAdditions.m in Sources */ = {isa = PBXBuildFile; fileRef = 00D15F041855535500336935 /* NSBezierPath+MCAdditions.m */; };
		00D15F2C1855535500336935 /* NSColor+ColorExtensions.m in Sources */ = {isa = PBXBuildFile; fileRef = 00D15F061855535500336935 /* NSColor+ColorExtensions.m */; };
		00D15F2D1855535500336935 /* NSStatusItemPrioritizer.m in Sources */ = {isa = PBXBuildFile; fileRef = 00D15F081855535500336935 /* NSStatusItemPrioritizer.m */; };
		00D15F2E1855535500336935 /* ShadowTextFieldCell.m in Sources */ = {isa = PBXBuildFile; fileRef = 00D15F0A1855535500336935 /* ShadowTextFieldCell.m */; };
		00D15F311855535500336935 /* TaprRecognitionController.m in Sources */ = {isa = PBXBuildFile; fileRef = 00D15F0F1855535500336935 /* TaprRecognitionController.m */; };
		00D15F321855535500336935 /* TaprRecognitionModel.m in Sources */ = {isa = PBXBuildFile; fileRef = 00D15F111855535500336935 /* TaprRecognitionModel.m */; };
		00D15F331855535500336935 /* TaprRecognitionView.m in Sources */ = {isa = PBXBuildFile; fileRef = 00D15F131855535500336935 /* TaprRecognitionView.m */; };
		00D15F341855535500336935 /* TaprRecognitionWindow.m in Sources */ = {isa = PBXBuildFile; fileRef = 00D15F151855535500336935 /* TaprRecognitionWindow.m */; };
		00D15F351855535500336935 /* TaprSetupBackgroundView.m in Sources */ = {isa = PBXBuildFile; fileRef = 00D15F171855535500336935 /* TaprSetupBackgroundView.m */; };
		00D15F361855535500336935 /* TaprSetupController.m in Sources */ = {isa = PBXBuildFile; fileRef = 00D15F191855535500336935 /* TaprSetupController.m */; };
		00D15F371855535500336935 /* TaprSetupModel.m in Sources */ = {isa = PBXBuildFile; fileRef = 00D15F1B1855535500336935 /* TaprSetupModel.m */; };
		00D15F381855535500336935 /* TaprSetupWindow.m in Sources */ = {isa = PBXBuildFile; fileRef = 00D15F1D1855535500336935 /* TaprSetupWindow.m */; };
		00F894101885C39800EA5681 /* Images.xcassets in Resources */ = {isa = PBXBuildFile; fileRef = 00F8940F1885C39800EA5681 /* Images.xcassets */; };
		D040286619CA583500E372E7 /* Security.framework in Frameworks */ = {isa = PBXBuildFile; fileRef = D040286519CA583500E372E7 /* Security.framework */; };
		D040286819CA583A00E372E7 /* QuartzCore.framework in Frameworks */ = {isa = PBXBuildFile; fileRef = D040286719CA583A00E372E7 /* QuartzCore.framework */; };
		D040286A19CA583E00E372E7 /* Carbon.framework in Frameworks */ = {isa = PBXBuildFile; fileRef = D040286919CA583E00E372E7 /* Carbon.framework */; };
		D040286C19CA584300E372E7 /* CoreServices.framework in Frameworks */ = {isa = PBXBuildFile; fileRef = D040286B19CA584300E372E7 /* CoreServices.framework */; };
		D040286E19CA584700E372E7 /* Cocoa.framework in Frameworks */ = {isa = PBXBuildFile; fileRef = D040286D19CA584700E372E7 /* Cocoa.framework */; };
		D040287119CA588F00E372E7 /* PFMoveApplication.m in Sources */ = {isa = PBXBuildFile; fileRef = D040287019CA588F00E372E7 /* PFMoveApplication.m */; settings = {COMPILER_FLAGS = "-fno-objc-arc"; }; };
		D082CBFF1A33BE8F009CB2F2 /* NSImage+M5Darkable.m in Sources */ = {isa = PBXBuildFile; fileRef = D082CBFE1A33BE8F009CB2F2 /* NSImage+M5Darkable.m */; };
/* End PBXBuildFile section */

/* Begin PBXCopyFilesBuildPhase section */
		00D15F51185556DF00336935 /* CopyFiles */ = {
			isa = PBXCopyFilesBuildPhase;
			buildActionMask = 2147483647;
			dstPath = "";
			dstSubfolderSpec = 10;
			files = (
				0021B2671855836400C42444 /* Sparkle.framework in CopyFiles */,
			);
			runOnlyForDeploymentPostprocessing = 0;
		};
/* End PBXCopyFilesBuildPhase section */

/* Begin PBXFileReference section */
		0021B2631855835900C42444 /* MultitouchSupport.framework */ = {isa = PBXFileReference; lastKnownFileType = wrapper.framework; name = MultitouchSupport.framework; path = ../../../../../System/Library/PrivateFrameworks/MultitouchSupport.framework; sourceTree = "<group>"; };
		0021B2651855836100C42444 /* Sparkle.framework */ = {isa = PBXFileReference; lastKnownFileType = wrapper.framework; name = Sparkle.framework; path = Tapr/Sparkle.framework; sourceTree = "<group>"; };
		00D15EB41855520C00336935 /* Tapr.app */ = {isa = PBXFileReference; explicitFileType = wrapper.application; includeInIndex = 0; path = Tapr.app; sourceTree = BUILT_PRODUCTS_DIR; };
		00D15EEB1855535500336935 /* AppButtonCell.h */ = {isa = PBXFileReference; fileEncoding = 4; lastKnownFileType = sourcecode.c.h; name = AppButtonCell.h; path = Tapr/AppButtonCell.h; sourceTree = "<group>"; };
		00D15EEC1855535500336935 /* AppButtonCell.m */ = {isa = PBXFileReference; fileEncoding = 4; lastKnownFileType = sourcecode.c.objc; name = AppButtonCell.m; path = Tapr/AppButtonCell.m; sourceTree = "<group>"; };
		00D15EED1855535500336935 /* AppController.h */ = {isa = PBXFileReference; fileEncoding = 4; lastKnownFileType = sourcecode.c.h; path = AppController.h; sourceTree = "<group>"; };
		00D15EEE1855535500336935 /* AppController.m */ = {isa = PBXFileReference; fileEncoding = 4; lastKnownFileType = sourcecode.c.objc; path = AppController.m; sourceTree = "<group>"; };
		00D15EEF1855535500336935 /* Application.h */ = {isa = PBXFileReference; fileEncoding = 4; lastKnownFileType = sourcecode.c.h; name = Application.h; path = Tapr/Application.h; sourceTree = "<group>"; };
		00D15EF01855535500336935 /* Application.m */ = {isa = PBXFileReference; fileEncoding = 4; lastKnownFileType = sourcecode.c.objc; name = Application.m; path = Tapr/Application.m; sourceTree = "<group>"; };
		00D15EF11855535500336935 /* AppSegmentedCell.h */ = {isa = PBXFileReference; fileEncoding = 4; lastKnownFileType = sourcecode.c.h; name = AppSegmentedCell.h; path = Tapr/AppSegmentedCell.h; sourceTree = "<group>"; };
		00D15EF21855535500336935 /* AppSegmentedCell.m */ = {isa = PBXFileReference; fileEncoding = 4; lastKnownFileType = sourcecode.c.objc; name = AppSegmentedCell.m; path = Tapr/AppSegmentedCell.m; sourceTree = "<group>"; };
		00D15EF31855535500336935 /* AppTextFieldCell.h */ = {isa = PBXFileReference; fileEncoding = 4; lastKnownFileType = sourcecode.c.h; name = AppTextFieldCell.h; path = Tapr/AppTextFieldCell.h; sourceTree = "<group>"; };
		00D15EF41855535500336935 /* AppTextFieldCell.m */ = {isa = PBXFileReference; fileEncoding = 4; lastKnownFileType = sourcecode.c.objc; name = AppTextFieldCell.m; path = Tapr/AppTextFieldCell.m; sourceTree = "<group>"; };
		00D15EF51855535500336935 /* setupWindowBackground.png */ = {isa = PBXFileReference; lastKnownFileType = image.png; name = setupWindowBackground.png; path = Tapr/setupWindowBackground.png; sourceTree = "<group>"; };
		00D15EF61855535500336935 /* Launchable.h */ = {isa = PBXFileReference; fileEncoding = 4; lastKnownFileType = sourcecode.c.h; name = Launchable.h; path = Tapr/Launchable.h; sourceTree = "<group>"; };
		00D15EF71855535500336935 /* Launchable.m */ = {isa = PBXFileReference; fileEncoding = 4; lastKnownFileType = sourcecode.c.objc; name = Launchable.m; path = Tapr/Launchable.m; sourceTree = "<group>"; };
		00D15EF81855535500336935 /* main.m */ = {isa = PBXFileReference; fileEncoding = 4; lastKnownFileType = sourcecode.c.objc; name = main.m; path = Tapr/main.m; sourceTree = "<group>"; };
		00D15EF91855535500336935 /* MainMenu.xib */ = {isa = PBXFileReference; fileEncoding = 4; lastKnownFileType = file.xib; path = MainMenu.xib; sourceTree = "<group>"; };
		00D15EFA1855535500336935 /* MultitouchEvent.h */ = {isa = PBXFileReference; fileEncoding = 4; lastKnownFileType = sourcecode.c.h; name = MultitouchEvent.h; path = Tapr/MultitouchEvent.h; sourceTree = "<group>"; };
		00D15EFB1855535500336935 /* MultitouchEvent.m */ = {isa = PBXFileReference; fileEncoding = 4; lastKnownFileType = sourcecode.c.objc; name = MultitouchEvent.m; path = Tapr/MultitouchEvent.m; sourceTree = "<group>"; };
		00D15EFC1855535500336935 /* MultitouchListener.h */ = {isa = PBXFileReference; fileEncoding = 4; lastKnownFileType = sourcecode.c.h; name = MultitouchListener.h; path = Tapr/MultitouchListener.h; sourceTree = "<group>"; };
		00D15EFD1855535500336935 /* MultitouchListener.m */ = {isa = PBXFileReference; fileEncoding = 4; lastKnownFileType = sourcecode.c.objc; name = MultitouchListener.m; path = Tapr/MultitouchListener.m; sourceTree = "<group>"; };
		00D15EFE1855535500336935 /* MultitouchManager.h */ = {isa = PBXFileReference; fileEncoding = 4; lastKnownFileType = sourcecode.c.h; name = MultitouchManager.h; path = Tapr/MultitouchManager.h; sourceTree = "<group>"; };
		00D15EFF1855535500336935 /* MultitouchManager.m */ = {isa = PBXFileReference; fileEncoding = 4; lastKnownFileType = sourcecode.c.objc; name = MultitouchManager.m; path = Tapr/MultitouchManager.m; sourceTree = "<group>"; };
		00D15F001855535500336935 /* MultitouchSupport.h */ = {isa = PBXFileReference; fileEncoding = 4; lastKnownFileType = sourcecode.c.h; name = MultitouchSupport.h; path = Tapr/MultitouchSupport.h; sourceTree = "<group>"; };
		00D15F011855535500336935 /* MultitouchTouch.h */ = {isa = PBXFileReference; fileEncoding = 4; lastKnownFileType = sourcecode.c.h; name = MultitouchTouch.h; path = Tapr/MultitouchTouch.h; sourceTree = "<group>"; };
		00D15F021855535500336935 /* MultitouchTouch.m */ = {isa = PBXFileReference; fileEncoding = 4; lastKnownFileType = sourcecode.c.objc; name = MultitouchTouch.m; path = Tapr/MultitouchTouch.m; sourceTree = "<group>"; };
		00D15F031855535500336935 /* NSBezierPath+MCAdditions.h */ = {isa = PBXFileReference; fileEncoding = 4; lastKnownFileType = sourcecode.c.h; name = "NSBezierPath+MCAdditions.h"; path = "Tapr/NSBezierPath+MCAdditions.h"; sourceTree = "<group>"; };
		00D15F041855535500336935 /* NSBezierPath+MCAdditions.m */ = {isa = PBXFileReference; fileEncoding = 4; lastKnownFileType = sourcecode.c.objc; name = "NSBezierPath+MCAdditions.m"; path = "Tapr/NSBezierPath+MCAdditions.m"; sourceTree = "<group>"; };
		00D15F051855535500336935 /* NSColor+ColorExtensions.h */ = {isa = PBXFileReference; fileEncoding = 4; lastKnownFileType = sourcecode.c.h; name = "NSColor+ColorExtensions.h"; path = "Tapr/NSColor+ColorExtensions.h"; sourceTree = "<group>"; };
		00D15F061855535500336935 /* NSColor+ColorExtensions.m */ = {isa = PBXFileReference; fileEncoding = 4; lastKnownFileType = sourcecode.c.objc; name = "NSColor+ColorExtensions.m"; path = "Tapr/NSColor+ColorExtensions.m"; sourceTree = "<group>"; };
		00D15F071855535500336935 /* NSStatusItemPrioritizer.h */ = {isa = PBXFileReference; fileEncoding = 4; lastKnownFileType = sourcecode.c.h; name = NSStatusItemPrioritizer.h; path = Tapr/NSStatusItemPrioritizer.h; sourceTree = "<group>"; };
		00D15F081855535500336935 /* NSStatusItemPrioritizer.m */ = {isa = PBXFileReference; fileEncoding = 4; lastKnownFileType = sourcecode.c.objc; name = NSStatusItemPrioritizer.m; path = Tapr/NSStatusItemPrioritizer.m; sourceTree = "<group>"; };
		00D15F091855535500336935 /* ShadowTextFieldCell.h */ = {isa = PBXFileReference; fileEncoding = 4; lastKnownFileType = sourcecode.c.h; name = ShadowTextFieldCell.h; path = Tapr/ShadowTextFieldCell.h; sourceTree = "<group>"; };
		00D15F0A1855535500336935 /* ShadowTextFieldCell.m */ = {isa = PBXFileReference; fileEncoding = 4; lastKnownFileType = sourcecode.c.objc; name = ShadowTextFieldCell.m; path = Tapr/ShadowTextFieldCell.m; sourceTree = "<group>"; };
		00D15F0C1855535500336935 /* Tapr-Info.plist */ = {isa = PBXFileReference; fileEncoding = 4; lastKnownFileType = text.plist.xml; name = "Tapr-Info.plist"; path = "Tapr/Tapr-Info.plist"; sourceTree = "<group>"; };
		00D15F0D1855535500336935 /* Tapr-Prefix.pch */ = {isa = PBXFileReference; fileEncoding = 4; lastKnownFileType = sourcecode.c.h; name = "Tapr-Prefix.pch"; path = "Tapr/Tapr-Prefix.pch"; sourceTree = "<group>"; };
		00D15F0E1855535500336935 /* TaprRecognitionController.h */ = {isa = PBXFileReference; fileEncoding = 4; lastKnownFileType = sourcecode.c.h; name = TaprRecognitionController.h; path = Tapr/TaprRecognitionController.h; sourceTree = "<group>"; };
		00D15F0F1855535500336935 /* TaprRecognitionController.m */ = {isa = PBXFileReference; fileEncoding = 4; lastKnownFileType = sourcecode.c.objc; name = TaprRecognitionController.m; path = Tapr/TaprRecognitionController.m; sourceTree = "<group>"; };
		00D15F101855535500336935 /* TaprRecognitionModel.h */ = {isa = PBXFileReference; fileEncoding = 4; lastKnownFileType = sourcecode.c.h; name = TaprRecognitionModel.h; path = Tapr/TaprRecognitionModel.h; sourceTree = "<group>"; };
		00D15F111855535500336935 /* TaprRecognitionModel.m */ = {isa = PBXFileReference; fileEncoding = 4; lastKnownFileType = sourcecode.c.objc; name = TaprRecognitionModel.m; path = Tapr/TaprRecognitionModel.m; sourceTree = "<group>"; };
		00D15F121855535500336935 /* TaprRecognitionView.h */ = {isa = PBXFileReference; fileEncoding = 4; lastKnownFileType = sourcecode.c.h; name = TaprRecognitionView.h; path = Tapr/TaprRecognitionView.h; sourceTree = "<group>"; };
		00D15F131855535500336935 /* TaprRecognitionView.m */ = {isa = PBXFileReference; fileEncoding = 4; lastKnownFileType = sourcecode.c.objc; name = TaprRecognitionView.m; path = Tapr/TaprRecognitionView.m; sourceTree = "<group>"; };
		00D15F141855535500336935 /* TaprRecognitionWindow.h */ = {isa = PBXFileReference; fileEncoding = 4; lastKnownFileType = sourcecode.c.h; name = TaprRecognitionWindow.h; path = Tapr/TaprRecognitionWindow.h; sourceTree = "<group>"; };
		00D15F151855535500336935 /* TaprRecognitionWindow.m */ = {isa = PBXFileReference; fileEncoding = 4; lastKnownFileType = sourcecode.c.objc; name = TaprRecognitionWindow.m; path = Tapr/TaprRecognitionWindow.m; sourceTree = "<group>"; };
		00D15F161855535500336935 /* TaprSetupBackgroundView.h */ = {isa = PBXFileReference; fileEncoding = 4; lastKnownFileType = sourcecode.c.h; name = TaprSetupBackgroundView.h; path = Tapr/TaprSetupBackgroundView.h; sourceTree = "<group>"; };
		00D15F171855535500336935 /* TaprSetupBackgroundView.m */ = {isa = PBXFileReference; fileEncoding = 4; lastKnownFileType = sourcecode.c.objc; name = TaprSetupBackgroundView.m; path = Tapr/TaprSetupBackgroundView.m; sourceTree = "<group>"; };
		00D15F181855535500336935 /* TaprSetupController.h */ = {isa = PBXFileReference; fileEncoding = 4; lastKnownFileType = sourcecode.c.h; name = TaprSetupController.h; path = Tapr/TaprSetupController.h; sourceTree = "<group>"; };
		00D15F191855535500336935 /* TaprSetupController.m */ = {isa = PBXFileReference; fileEncoding = 4; lastKnownFileType = sourcecode.c.objc; name = TaprSetupController.m; path = Tapr/TaprSetupController.m; sourceTree = "<group>"; };
		00D15F1A1855535500336935 /* TaprSetupModel.h */ = {isa = PBXFileReference; fileEncoding = 4; lastKnownFileType = sourcecode.c.h; name = TaprSetupModel.h; path = Tapr/TaprSetupModel.h; sourceTree = "<group>"; };
		00D15F1B1855535500336935 /* TaprSetupModel.m */ = {isa = PBXFileReference; fileEncoding = 4; lastKnownFileType = sourcecode.c.objc; name = TaprSetupModel.m; path = Tapr/TaprSetupModel.m; sourceTree = "<group>"; };
		00D15F1C1855535500336935 /* TaprSetupWindow.h */ = {isa = PBXFileReference; fileEncoding = 4; lastKnownFileType = sourcecode.c.h; name = TaprSetupWindow.h; path = Tapr/TaprSetupWindow.h; sourceTree = "<group>"; };
		00D15F1D1855535500336935 /* TaprSetupWindow.m */ = {isa = PBXFileReference; fileEncoding = 4; lastKnownFileType = sourcecode.c.objc; name = TaprSetupWindow.m; path = Tapr/TaprSetupWindow.m; sourceTree = "<group>"; };
		00F8940F1885C39800EA5681 /* Images.xcassets */ = {isa = PBXFileReference; lastKnownFileType = folder.assetcatalog; name = Images.xcassets; path = Tapr/Images.xcassets; sourceTree = "<group>"; };
		D040286519CA583500E372E7 /* Security.framework */ = {isa = PBXFileReference; lastKnownFileType = wrapper.framework; name = Security.framework; path = Platforms/MacOSX.platform/Developer/SDKs/MacOSX10.9.sdk/System/Library/Frameworks/Security.framework; sourceTree = DEVELOPER_DIR; };
		D040286719CA583A00E372E7 /* QuartzCore.framework */ = {isa = PBXFileReference; lastKnownFileType = wrapper.framework; name = QuartzCore.framework; path = Platforms/MacOSX.platform/Developer/SDKs/MacOSX10.9.sdk/System/Library/Frameworks/QuartzCore.framework; sourceTree = DEVELOPER_DIR; };
		D040286919CA583E00E372E7 /* Carbon.framework */ = {isa = PBXFileReference; lastKnownFileType = wrapper.framework; name = Carbon.framework; path = Platforms/MacOSX.platform/Developer/SDKs/MacOSX10.9.sdk/System/Library/Frameworks/Carbon.framework; sourceTree = DEVELOPER_DIR; };
		D040286B19CA584300E372E7 /* CoreServices.framework */ = {isa = PBXFileReference; lastKnownFileType = wrapper.framework; name = CoreServices.framework; path = Platforms/MacOSX.platform/Developer/SDKs/MacOSX10.9.sdk/System/Library/Frameworks/CoreServices.framework; sourceTree = DEVELOPER_DIR; };
		D040286D19CA584700E372E7 /* Cocoa.framework */ = {isa = PBXFileReference; lastKnownFileType = wrapper.framework; name = Cocoa.framework; path = Platforms/MacOSX.platform/Developer/SDKs/MacOSX10.9.sdk/System/Library/Frameworks/Cocoa.framework; sourceTree = DEVELOPER_DIR; };
		D040286F19CA588F00E372E7 /* PFMoveApplication.h */ = {isa = PBXFileReference; fileEncoding = 4; lastKnownFileType = sourcecode.c.h; name = PFMoveApplication.h; path = Tapr/PFMoveApplication.h; sourceTree = "<group>"; };
		D040287019CA588F00E372E7 /* PFMoveApplication.m */ = {isa = PBXFileReference; fileEncoding = 4; lastKnownFileType = sourcecode.c.objc; name = PFMoveApplication.m; path = Tapr/PFMoveApplication.m; sourceTree = "<group>"; };
		D082CBFD1A33BE8F009CB2F2 /* NSImage+M5Darkable.h */ = {isa = PBXFileReference; fileEncoding = 4; lastKnownFileType = sourcecode.c.h; path = "NSImage+M5Darkable.h"; sourceTree = "<group>"; };
		D082CBFE1A33BE8F009CB2F2 /* NSImage+M5Darkable.m */ = {isa = PBXFileReference; fileEncoding = 4; lastKnownFileType = sourcecode.c.objc; path = "NSImage+M5Darkable.m"; sourceTree = "<group>"; };
/* End PBXFileReference section */

/* Begin PBXFrameworksBuildPhase section */
		00D15EB11855520C00336935 /* Frameworks */ = {
			isa = PBXFrameworksBuildPhase;
			buildActionMask = 2147483647;
			files = (
				D040286E19CA584700E372E7 /* Cocoa.framework in Frameworks */,
				D040286C19CA584300E372E7 /* CoreServices.framework in Frameworks */,
				D040286A19CA583E00E372E7 /* Carbon.framework in Frameworks */,
				D040286819CA583A00E372E7 /* QuartzCore.framework in Frameworks */,
				D040286619CA583500E372E7 /* Security.framework in Frameworks */,
				0021B2661855836100C42444 /* Sparkle.framework in Frameworks */,
				0021B2641855835900C42444 /* MultitouchSupport.framework in Frameworks */,
			);
			runOnlyForDeploymentPostprocessing = 0;
		};
/* End PBXFrameworksBuildPhase section */

/* Begin PBXGroup section */
		00D15EAB1855520C00336935 = {
			isa = PBXGroup;
			children = (
				00D15EBD1855520C00336935 /* Tapr */,
				00D15EB61855520C00336935 /* Frameworks */,
				00D15EB51855520C00336935 /* Products */,
			);
			sourceTree = "<group>";
		};
		00D15EB51855520C00336935 /* Products */ = {
			isa = PBXGroup;
			children = (
				00D15EB41855520C00336935 /* Tapr.app */,
			);
			name = Products;
			sourceTree = "<group>";
		};
		00D15EB61855520C00336935 /* Frameworks */ = {
			isa = PBXGroup;
			children = (
				D040286D19CA584700E372E7 /* Cocoa.framework */,
				D040286B19CA584300E372E7 /* CoreServices.framework */,
				D040286919CA583E00E372E7 /* Carbon.framework */,
				D040286719CA583A00E372E7 /* QuartzCore.framework */,
				D040286519CA583500E372E7 /* Security.framework */,
				0021B2651855836100C42444 /* Sparkle.framework */,
				0021B2631855835900C42444 /* MultitouchSupport.framework */,
			);
			name = Frameworks;
			sourceTree = "<group>";
		};
		00D15EBD1855520C00336935 /* Tapr */ = {
			isa = PBXGroup;
			children = (
				00D15EED1855535500336935 /* AppController.h */,
				00D15EEE1855535500336935 /* AppController.m */,
				00D15EF91855535500336935 /* MainMenu.xib */,
				00D15F441855542600336935 /* Tapr Recognition */,
				00D15F431855541D00336935 /* Tapr Setup */,
				00D15F391855537C00336935 /* Multitouch Support */,
				00D15F42185553FF00336935 /* Helpers */,
				00D15F4B1855555A00336935 /* Supporting Files */,
			);
			path = Tapr;
			sourceTree = "<group>";
		};
		00D15F391855537C00336935 /* Multitouch Support */ = {
			isa = PBXGroup;
			children = (
				00D15EFA1855535500336935 /* MultitouchEvent.h */,
				00D15EFB1855535500336935 /* MultitouchEvent.m */,
				00D15EFC1855535500336935 /* MultitouchListener.h */,
				00D15EFD1855535500336935 /* MultitouchListener.m */,
				00D15EFE1855535500336935 /* MultitouchManager.h */,
				00D15EFF1855535500336935 /* MultitouchManager.m */,
				00D15F001855535500336935 /* MultitouchSupport.h */,
				00D15F011855535500336935 /* MultitouchTouch.h */,
				00D15F021855535500336935 /* MultitouchTouch.m */,
			);
			name = "Multitouch Support";
			path = ..;
			sourceTree = "<group>";
		};
		00D15F42185553FF00336935 /* Helpers */ = {
			isa = PBXGroup;
			children = (
				D040286F19CA588F00E372E7 /* PFMoveApplication.h */,
				D040287019CA588F00E372E7 /* PFMoveApplication.m */,
				00D15F071855535500336935 /* NSStatusItemPrioritizer.h */,
				00D15F081855535500336935 /* NSStatusItemPrioritizer.m */,
				00D15F031855535500336935 /* NSBezierPath+MCAdditions.h */,
				00D15F041855535500336935 /* NSBezierPath+MCAdditions.m */,
				D082CBFD1A33BE8F009CB2F2 /* NSImage+M5Darkable.h */,
				D082CBFE1A33BE8F009CB2F2 /* NSImage+M5Darkable.m */,
				00D15F051855535500336935 /* NSColor+ColorExtensions.h */,
				00D15F061855535500336935 /* NSColor+ColorExtensions.m */,
			);
			name = Helpers;
			path = ..;
			sourceTree = "<group>";
		};
		00D15F431855541D00336935 /* Tapr Setup */ = {
			isa = PBXGroup;
			children = (
				00D15F45185554DE00336935 /* Model */,
				00D15F46185554EA00336935 /* View */,
				00D15F47185554FF00336935 /* Controller */,
			);
			name = "Tapr Setup";
			path = ..;
			sourceTree = "<group>";
		};
		00D15F441855542600336935 /* Tapr Recognition */ = {
			isa = PBXGroup;
			children = (
				00D15F491855551300336935 /* Model */,
				00D15F481855550B00336935 /* View */,
				00D15F4A1855551B00336935 /* Controller */,
			);
			name = "Tapr Recognition";
			path = ..;
			sourceTree = "<group>";
		};
		00D15F45185554DE00336935 /* Model */ = {
			isa = PBXGroup;
			children = (
				00D15F1A1855535500336935 /* TaprSetupModel.h */,
				00D15F1B1855535500336935 /* TaprSetupModel.m */,
			);
			name = Model;
			sourceTree = "<group>";
		};
		00D15F46185554EA00336935 /* View */ = {
			isa = PBXGroup;
			children = (
				00D15EEB1855535500336935 /* AppButtonCell.h */,
				00D15EEC1855535500336935 /* AppButtonCell.m */,
				00D15EF11855535500336935 /* AppSegmentedCell.h */,
				00D15EF21855535500336935 /* AppSegmentedCell.m */,
				00D15EF31855535500336935 /* AppTextFieldCell.h */,
				00D15EF41855535500336935 /* AppTextFieldCell.m */,
				00D15F091855535500336935 /* ShadowTextFieldCell.h */,
				00D15F0A1855535500336935 /* ShadowTextFieldCell.m */,
				00D15F161855535500336935 /* TaprSetupBackgroundView.h */,
				00D15F171855535500336935 /* TaprSetupBackgroundView.m */,
				00D15F1C1855535500336935 /* TaprSetupWindow.h */,
				00D15F1D1855535500336935 /* TaprSetupWindow.m */,
			);
			name = View;
			sourceTree = "<group>";
		};
		00D15F47185554FF00336935 /* Controller */ = {
			isa = PBXGroup;
			children = (
				00D15F181855535500336935 /* TaprSetupController.h */,
				00D15F191855535500336935 /* TaprSetupController.m */,
			);
			name = Controller;
			sourceTree = "<group>";
		};
		00D15F481855550B00336935 /* View */ = {
			isa = PBXGroup;
			children = (
				00D15F121855535500336935 /* TaprRecognitionView.h */,
				00D15F131855535500336935 /* TaprRecognitionView.m */,
				00D15F141855535500336935 /* TaprRecognitionWindow.h */,
				00D15F151855535500336935 /* TaprRecognitionWindow.m */,
			);
			name = View;
			sourceTree = "<group>";
		};
		00D15F491855551300336935 /* Model */ = {
			isa = PBXGroup;
			children = (
				00D15EEF1855535500336935 /* Application.h */,
				00D15EF01855535500336935 /* Application.m */,
				00D15EF61855535500336935 /* Launchable.h */,
				00D15EF71855535500336935 /* Launchable.m */,
				00D15F101855535500336935 /* TaprRecognitionModel.h */,
				00D15F111855535500336935 /* TaprRecognitionModel.m */,
			);
			name = Model;
			sourceTree = "<group>";
		};
		00D15F4A1855551B00336935 /* Controller */ = {
			isa = PBXGroup;
			children = (
				00D15F0E1855535500336935 /* TaprRecognitionController.h */,
				00D15F0F1855535500336935 /* TaprRecognitionController.m */,
			);
			name = Controller;
			sourceTree = "<group>";
		};
		00D15F4B1855555A00336935 /* Supporting Files */ = {
			isa = PBXGroup;
			children = (
				00F8940F1885C39800EA5681 /* Images.xcassets */,
				00D15EF51855535500336935 /* setupWindowBackground.png */,
				00D15EF81855535500336935 /* main.m */,
				00D15F0C1855535500336935 /* Tapr-Info.plist */,
				00D15F0D1855535500336935 /* Tapr-Prefix.pch */,
			);
			name = "Supporting Files";
			path = ..;
			sourceTree = "<group>";
		};
/* End PBXGroup section */

/* Begin PBXNativeTarget section */
		00D15EB31855520C00336935 /* Tapr */ = {
			isa = PBXNativeTarget;
			buildConfigurationList = 00D15EE51855520D00336935 /* Build configuration list for PBXNativeTarget "Tapr" */;
			buildPhases = (
				00D15EB01855520C00336935 /* Sources */,
				00D15EB11855520C00336935 /* Frameworks */,
				00D15EB21855520C00336935 /* Resources */,
				00D15F51185556DF00336935 /* CopyFiles */,
			);
			buildRules = (
			);
			dependencies = (
			);
			name = Tapr;
			productName = Tapr;
			productReference = 00D15EB41855520C00336935 /* Tapr.app */;
			productType = "com.apple.product-type.application";
		};
/* End PBXNativeTarget section */

/* Begin PBXProject section */
		00D15EAC1855520C00336935 /* Project object */ = {
			isa = PBXProject;
			attributes = {
				LastUpgradeCheck = 0600;
				ORGANIZATIONNAME = "Mathew Huusko V";
				TargetAttributes = {
					00D15EB31855520C00336935 = {
						DevelopmentTeam = KG7LGVJ8EA;
					};
				};
			};
			buildConfigurationList = 00D15EAF1855520C00336935 /* Build configuration list for PBXProject "Tapr" */;
			compatibilityVersion = "Xcode 3.2";
			developmentRegion = English;
			hasScannedForEncodings = 0;
			knownRegions = (
				en,
				Base,
			);
			mainGroup = 00D15EAB1855520C00336935;
			productRefGroup = 00D15EB51855520C00336935 /* Products */;
			projectDirPath = "";
			projectRoot = "";
			targets = (
				00D15EB31855520C00336935 /* Tapr */,
			);
		};
/* End PBXProject section */

/* Begin PBXResourcesBuildPhase section */
		00D15EB21855520C00336935 /* Resources */ = {
			isa = PBXResourcesBuildPhase;
			buildActionMask = 2147483647;
			files = (
				00F894101885C39800EA5681 /* Images.xcassets in Resources */,
				00D15F231855535500336935 /* setupWindowBackground.png in Resources */,
				00D15F261855535500336935 /* MainMenu.xib in Resources */,
			);
			runOnlyForDeploymentPostprocessing = 0;
		};
/* End PBXResourcesBuildPhase section */

/* Begin PBXSourcesBuildPhase section */
		00D15EB01855520C00336935 /* Sources */ = {
			isa = PBXSourcesBuildPhase;
			buildActionMask = 2147483647;
			files = (
				00D15F201855535500336935 /* Application.m in Sources */,
				00D15F2E1855535500336935 /* ShadowTextFieldCell.m in Sources */,
				00D15F311855535500336935 /* TaprRecognitionController.m in Sources */,
				00D15F281855535500336935 /* MultitouchListener.m in Sources */,
				00D15F1E1855535500336935 /* AppButtonCell.m in Sources */,
				00D15F321855535500336935 /* TaprRecognitionModel.m in Sources */,
				00D15F291855535500336935 /* MultitouchManager.m in Sources */,
				00D15F331855535500336935 /* TaprRecognitionView.m in Sources */,
				00D15F241855535500336935 /* Launchable.m in Sources */,
				00D15F2D1855535500336935 /* NSStatusItemPrioritizer.m in Sources */,
				D082CBFF1A33BE8F009CB2F2 /* NSImage+M5Darkable.m in Sources */,
				00D15F211855535500336935 /* AppSegmentedCell.m in Sources */,
				00D15F361855535500336935 /* TaprSetupController.m in Sources */,
				00D15F2B1855535500336935 /* NSBezierPath+MCAdditions.m in Sources */,
				00D15F271855535500336935 /* MultitouchEvent.m in Sources */,
				00D15F371855535500336935 /* TaprSetupModel.m in Sources */,
				00D15F221855535500336935 /* AppTextFieldCell.m in Sources */,
				00D15F381855535500336935 /* TaprSetupWindow.m in Sources */,
				00D15F251855535500336935 /* main.m in Sources */,
				00D15F341855535500336935 /* TaprRecognitionWindow.m in Sources */,
				00D15F1F1855535500336935 /* AppController.m in Sources */,
				00D15F2A1855535500336935 /* MultitouchTouch.m in Sources */,
				00D15F2C1855535500336935 /* NSColor+ColorExtensions.m in Sources */,
				00D15F351855535500336935 /* TaprSetupBackgroundView.m in Sources */,
				D040287119CA588F00E372E7 /* PFMoveApplication.m in Sources */,
			);
			runOnlyForDeploymentPostprocessing = 0;
		};
/* End PBXSourcesBuildPhase section */

/* Begin XCBuildConfiguration section */
		00D15EE31855520D00336935 /* Debug */ = {
			isa = XCBuildConfiguration;
			buildSettings = {
				CLANG_ENABLE_OBJC_ARC = YES;
				MACOSX_DEPLOYMENT_TARGET = 10.7;
				ONLY_ACTIVE_ARCH = YES;
				SDKROOT = macosx;
			};
			name = Debug;
		};
		00D15EE41855520D00336935 /* Release */ = {
			isa = XCBuildConfiguration;
			buildSettings = {
				CLANG_ENABLE_OBJC_ARC = YES;
				MACOSX_DEPLOYMENT_TARGET = 10.7;
				SDKROOT = macosx;
			};
			name = Release;
		};
		00D15EE61855520D00336935 /* Debug */ = {
			isa = XCBuildConfiguration;
			buildSettings = {
				ASSETCATALOG_COMPILER_APPICON_NAME = AppIcon;
				CODE_SIGN_IDENTITY = "Developer ID Application";
				"CODE_SIGN_IDENTITY[sdk=macosx*]" = "Mac Developer";
				COMBINE_HIDPI_IMAGES = YES;
				FRAMEWORK_SEARCH_PATHS = (
					"$(inherited)",
					"$(SYSTEM_LIBRARY_DIR)/PrivateFrameworks",
					./Tapr,
				);
				GCC_PRECOMPILE_PREFIX_HEADER = YES;
				GCC_PREFIX_HEADER = "Tapr/Tapr-Prefix.pch";
				INFOPLIST_FILE = "Tapr/Tapr-Info.plist";
				OTHER_CODE_SIGN_FLAGS = "--deep";
				PRODUCT_NAME = "$(TARGET_NAME)";
				PROVISIONING_PROFILE = "";
				SDKROOT = macosx;
				WRAPPER_EXTENSION = app;
			};
			name = Debug;
		};
		00D15EE71855520D00336935 /* Release */ = {
			isa = XCBuildConfiguration;
			buildSettings = {
				ASSETCATALOG_COMPILER_APPICON_NAME = AppIcon;
				CODE_SIGN_IDENTITY = "Developer ID Application";
				"CODE_SIGN_IDENTITY[sdk=macosx*]" = "Mac Developer";
				COMBINE_HIDPI_IMAGES = YES;
				FRAMEWORK_SEARCH_PATHS = (
					"$(inherited)",
					"$(SYSTEM_LIBRARY_DIR)/PrivateFrameworks",
					./Tapr,
				);
				GCC_PRECOMPILE_PREFIX_HEADER = YES;
				GCC_PREFIX_HEADER = "Tapr/Tapr-Prefix.pch";
				INFOPLIST_FILE = "Tapr/Tapr-Info.plist";
				OTHER_CODE_SIGN_FLAGS = "--deep";
				PRODUCT_NAME = "$(TARGET_NAME)";
				PROVISIONING_PROFILE = "";
				SDKROOT = macosx;
				WRAPPER_EXTENSION = app;
			};
			name = Release;
		};
/* End XCBuildConfiguration section */

/* Begin XCConfigurationList section */
		00D15EAF1855520C00336935 /* Build configuration list for PBXProject "Tapr" */ = {
			isa = XCConfigurationList;
			buildConfigurations = (
				00D15EE31855520D00336935 /* Debug */,
				00D15EE41855520D00336935 /* Release */,
			);
			defaultConfigurationIsVisible = 0;
			defaultConfigurationName = Release;
		};
		00D15EE51855520D00336935 /* Build configuration list for PBXNativeTarget "Tapr" */ = {
			isa = XCConfigurationList;
			buildConfigurations = (
				00D15EE61855520D00336935 /* Debug */,
				00D15EE71855520D00336935 /* Release */,
			);
			defaultConfigurationIsVisible = 0;
			defaultConfigurationName = Release;
		};
/* End XCConfigurationList section */
	};
	rootObject = 00D15EAC1855520C00336935 /* Project object */;
}
