// !$*UTF8*$!
{
	archiveVersion = 1;
	classes = {
	};
	objectVersion = 46;
	objects = {

/* Begin PBXBuildFile section */
		D001B46216D7441F00F8E413 /* Launchable.m in Sources */ = {isa = PBXBuildFile; fileRef = D001B43316D7441F00F8E413 /* Launchable.m */; };
		D001B46316D7441F00F8E413 /* AppController.m in Sources */ = {isa = PBXBuildFile; fileRef = D001B43516D7441F00F8E413 /* AppController.m */; };
		D001B46C16D7441F00F8E413 /* TaprRecognitionController.m in Sources */ = {isa = PBXBuildFile; fileRef = D001B44516D7441F00F8E413 /* TaprRecognitionController.m */; };
		D001B46E16D7441F00F8E413 /* TaprRecognitionWindow.m in Sources */ = {isa = PBXBuildFile; fileRef = D001B44916D7441F00F8E413 /* TaprRecognitionWindow.m */; };
		D001B46F16D7441F00F8E413 /* TaprSetupController.m in Sources */ = {isa = PBXBuildFile; fileRef = D001B44B16D7441F00F8E413 /* TaprSetupController.m */; };
		D001B47116D7441F00F8E413 /* TaprSetupWindow.m in Sources */ = {isa = PBXBuildFile; fileRef = D001B44F16D7441F00F8E413 /* TaprSetupWindow.m */; };
		D001B47516D7441F00F8E413 /* main.m in Sources */ = {isa = PBXBuildFile; fileRef = D001B45516D7441F00F8E413 /* main.m */; };
		D001B47616D7441F00F8E413 /* MainMenu.xib in Resources */ = {isa = PBXBuildFile; fileRef = D001B45616D7441F00F8E413 /* MainMenu.xib */; };
		D0140F8B17EFD6EE004C19F3 /* MultitouchEvent.m in Sources */ = {isa = PBXBuildFile; fileRef = D0140F8417EFD6EE004C19F3 /* MultitouchEvent.m */; };
		D0140F8C17EFD6EE004C19F3 /* MultitouchListener.m in Sources */ = {isa = PBXBuildFile; fileRef = D0140F8617EFD6EE004C19F3 /* MultitouchListener.m */; };
		D0140F8D17EFD6EE004C19F3 /* MultitouchManager.m in Sources */ = {isa = PBXBuildFile; fileRef = D0140F8817EFD6EE004C19F3 /* MultitouchManager.m */; };
		D0140F8E17EFD6EE004C19F3 /* MultitouchTouch.m in Sources */ = {isa = PBXBuildFile; fileRef = D0140F8A17EFD6EE004C19F3 /* MultitouchTouch.m */; };
		D016016516FFB03B007A197E /* AppTextFieldCell.m in Sources */ = {isa = PBXBuildFile; fileRef = D016016416FFB03A007A197E /* AppTextFieldCell.m */; };
		D02D55E71809D97C001F0AC3 /* Application.m in Sources */ = {isa = PBXBuildFile; fileRef = D02D55E61809D97C001F0AC3 /* Application.m */; };
		D054A8DF15C3596000EA4E4D /* Cocoa.framework in Frameworks */ = {isa = PBXBuildFile; fileRef = D07340F0152578F400FC7910 /* Cocoa.framework */; };
		D05E69CE18086F7800BD4646 /* TaprSetupModel.m in Sources */ = {isa = PBXBuildFile; fileRef = D05E69CD18086F7800BD4646 /* TaprSetupModel.m */; };
		D066470017EFD66A00A59967 /* MultitouchSupport.framework in Frameworks */ = {isa = PBXBuildFile; fileRef = D06646FF17EFD66A00A59967 /* MultitouchSupport.framework */; };
		D06CF7461825C6F900755EA7 /* TaprRecognitionView.m in Sources */ = {isa = PBXBuildFile; fileRef = D06CF7451825C6F900755EA7 /* TaprRecognitionView.m */; };
		D071F8BD1810E2C4002B3DD0 /* Sparkle.framework in CopyFiles */ = {isa = PBXBuildFile; fileRef = D071F8BB1810E2B2002B3DD0 /* Sparkle.framework */; };
		D071F8BE1810E321002B3DD0 /* Sparkle.framework in Frameworks */ = {isa = PBXBuildFile; fileRef = D071F8BB1810E2B2002B3DD0 /* Sparkle.framework */; };
		D071FF99180888E300CDC8FF /* TaprRecognitionModel.m in Sources */ = {isa = PBXBuildFile; fileRef = D071FF98180888E300CDC8FF /* TaprRecognitionModel.m */; };
		D073F55D15C358FF00843B5D /* QuartzCore.framework in Frameworks */ = {isa = PBXBuildFile; fileRef = D073F55C15C358FF00843B5D /* QuartzCore.framework */; };
		D09D13AC181CD2B500DE2F02 /* NSStatusItemPrioritizer.m in Sources */ = {isa = PBXBuildFile; fileRef = D09D13AB181CD2B500DE2F02 /* NSStatusItemPrioritizer.m */; };
		D0B502EA16FBC87C0018781C /* background2.png in Resources */ = {isa = PBXBuildFile; fileRef = D0B502E916FBC87C0018781C /* background2.png */; };
		D0B502ED16FBC9850018781C /* TaprSetupBackgroundView.m in Sources */ = {isa = PBXBuildFile; fileRef = D0B502EC16FBC9850018781C /* TaprSetupBackgroundView.m */; };
		D0B502F516FBCDD10018781C /* AppButtonCell.m in Sources */ = {isa = PBXBuildFile; fileRef = D0B502F116FBCDD00018781C /* AppButtonCell.m */; };
		D0B502F616FBCDD10018781C /* NSColor+ColorExtensions.m in Sources */ = {isa = PBXBuildFile; fileRef = D0B502F316FBCDD00018781C /* NSColor+ColorExtensions.m */; };
		D0B5030316FBECB70018781C /* Icon.icns in Resources */ = {isa = PBXBuildFile; fileRef = D0B5030216FBECB70018781C /* Icon.icns */; };
		D0CB917416DD419100BE0E9A /* Carbon.framework in Frameworks */ = {isa = PBXBuildFile; fileRef = D0CB917316DD419100BE0E9A /* Carbon.framework */; };
		D0CFB9A417089746005EDAB3 /* ShadowTextFieldCell.m in Sources */ = {isa = PBXBuildFile; fileRef = D0CFB9A317089746005EDAB3 /* ShadowTextFieldCell.m */; };
		D0F13B9416FFE7B800EA2B87 /* AppSegmentedCell.m in Sources */ = {isa = PBXBuildFile; fileRef = D0F13B9316FFE7B800EA2B87 /* AppSegmentedCell.m */; };
		D0F13B9716FFE7F300EA2B87 /* NSBezierPath+MCAdditions.m in Sources */ = {isa = PBXBuildFile; fileRef = D0F13B9616FFE7F300EA2B87 /* NSBezierPath+MCAdditions.m */; };
		D0F2DEA317000E8D009A19B9 /* CoreServices.framework in Frameworks */ = {isa = PBXBuildFile; fileRef = D0F2DEA217000E8D009A19B9 /* CoreServices.framework */; };
/* End PBXBuildFile section */

/* Begin PBXCopyFilesBuildPhase section */
		D0A1ED1A1810B7110034FC34 /* CopyFiles */ = {
			isa = PBXCopyFilesBuildPhase;
			buildActionMask = 2147483647;
			dstPath = "";
			dstSubfolderSpec = 10;
			files = (
				D071F8BD1810E2C4002B3DD0 /* Sparkle.framework in CopyFiles */,
			);
			runOnlyForDeploymentPostprocessing = 0;
		};
/* End PBXCopyFilesBuildPhase section */

/* Begin PBXFileReference section */
		D001B43216D7441F00F8E413 /* Launchable.h */ = {isa = PBXFileReference; fileEncoding = 4; lastKnownFileType = sourcecode.c.h; path = Launchable.h; sourceTree = "<group>"; };
		D001B43316D7441F00F8E413 /* Launchable.m */ = {isa = PBXFileReference; fileEncoding = 4; lastKnownFileType = sourcecode.c.objc; path = Launchable.m; sourceTree = "<group>"; };
		D001B43416D7441F00F8E413 /* AppController.h */ = {isa = PBXFileReference; fileEncoding = 4; lastKnownFileType = sourcecode.c.h; path = AppController.h; sourceTree = "<group>"; };
		D001B43516D7441F00F8E413 /* AppController.m */ = {isa = PBXFileReference; fileEncoding = 4; lastKnownFileType = sourcecode.c.objc; path = AppController.m; sourceTree = "<group>"; };
		D001B44416D7441F00F8E413 /* TaprRecognitionController.h */ = {isa = PBXFileReference; fileEncoding = 4; lastKnownFileType = sourcecode.c.h; path = TaprRecognitionController.h; sourceTree = "<group>"; };
		D001B44516D7441F00F8E413 /* TaprRecognitionController.m */ = {isa = PBXFileReference; fileEncoding = 4; lastKnownFileType = sourcecode.c.objc; path = TaprRecognitionController.m; sourceTree = "<group>"; };
		D001B44816D7441F00F8E413 /* TaprRecognitionWindow.h */ = {isa = PBXFileReference; fileEncoding = 4; lastKnownFileType = sourcecode.c.h; path = TaprRecognitionWindow.h; sourceTree = "<group>"; };
		D001B44916D7441F00F8E413 /* TaprRecognitionWindow.m */ = {isa = PBXFileReference; fileEncoding = 4; lastKnownFileType = sourcecode.c.objc; path = TaprRecognitionWindow.m; sourceTree = "<group>"; };
		D001B44A16D7441F00F8E413 /* TaprSetupController.h */ = {isa = PBXFileReference; fileEncoding = 4; lastKnownFileType = sourcecode.c.h; path = TaprSetupController.h; sourceTree = "<group>"; };
		D001B44B16D7441F00F8E413 /* TaprSetupController.m */ = {isa = PBXFileReference; fileEncoding = 4; lastKnownFileType = sourcecode.c.objc; path = TaprSetupController.m; sourceTree = "<group>"; };
		D001B44E16D7441F00F8E413 /* TaprSetupWindow.h */ = {isa = PBXFileReference; fileEncoding = 4; lastKnownFileType = sourcecode.c.h; path = TaprSetupWindow.h; sourceTree = "<group>"; };
		D001B44F16D7441F00F8E413 /* TaprSetupWindow.m */ = {isa = PBXFileReference; fileEncoding = 4; lastKnownFileType = sourcecode.c.objc; path = TaprSetupWindow.m; sourceTree = "<group>"; };
		D001B45516D7441F00F8E413 /* main.m */ = {isa = PBXFileReference; fileEncoding = 4; lastKnownFileType = sourcecode.c.objc; path = main.m; sourceTree = "<group>"; };
		D001B45616D7441F00F8E413 /* MainMenu.xib */ = {isa = PBXFileReference; fileEncoding = 4; lastKnownFileType = file.xib; path = MainMenu.xib; sourceTree = "<group>"; };
		D001B45C16D7441F00F8E413 /* Tapr-Info.plist */ = {isa = PBXFileReference; fileEncoding = 4; lastKnownFileType = text.plist.xml; path = "Tapr-Info.plist"; sourceTree = "<group>"; };
		D001B45D16D7441F00F8E413 /* Tapr-Prefix.pch */ = {isa = PBXFileReference; fileEncoding = 4; lastKnownFileType = sourcecode.c.h; path = "Tapr-Prefix.pch"; sourceTree = "<group>"; };
		D0140F8317EFD6EE004C19F3 /* MultitouchEvent.h */ = {isa = PBXFileReference; fileEncoding = 4; lastKnownFileType = sourcecode.c.h; path = MultitouchEvent.h; sourceTree = "<group>"; };
		D0140F8417EFD6EE004C19F3 /* MultitouchEvent.m */ = {isa = PBXFileReference; fileEncoding = 4; lastKnownFileType = sourcecode.c.objc; path = MultitouchEvent.m; sourceTree = "<group>"; };
		D0140F8517EFD6EE004C19F3 /* MultitouchListener.h */ = {isa = PBXFileReference; fileEncoding = 4; lastKnownFileType = sourcecode.c.h; path = MultitouchListener.h; sourceTree = "<group>"; };
		D0140F8617EFD6EE004C19F3 /* MultitouchListener.m */ = {isa = PBXFileReference; fileEncoding = 4; lastKnownFileType = sourcecode.c.objc; path = MultitouchListener.m; sourceTree = "<group>"; };
		D0140F8717EFD6EE004C19F3 /* MultitouchManager.h */ = {isa = PBXFileReference; fileEncoding = 4; lastKnownFileType = sourcecode.c.h; path = MultitouchManager.h; sourceTree = "<group>"; };
		D0140F8817EFD6EE004C19F3 /* MultitouchManager.m */ = {isa = PBXFileReference; fileEncoding = 4; lastKnownFileType = sourcecode.c.objc; path = MultitouchManager.m; sourceTree = "<group>"; };
		D0140F8917EFD6EE004C19F3 /* MultitouchTouch.h */ = {isa = PBXFileReference; fileEncoding = 4; lastKnownFileType = sourcecode.c.h; path = MultitouchTouch.h; sourceTree = "<group>"; };
		D0140F8A17EFD6EE004C19F3 /* MultitouchTouch.m */ = {isa = PBXFileReference; fileEncoding = 4; lastKnownFileType = sourcecode.c.objc; path = MultitouchTouch.m; sourceTree = "<group>"; };
		D0140F8F17EFD75E004C19F3 /* MultitouchSupport.h */ = {isa = PBXFileReference; lastKnownFileType = sourcecode.c.h; path = MultitouchSupport.h; sourceTree = "<group>"; };
		D016016316FFB03A007A197E /* AppTextFieldCell.h */ = {isa = PBXFileReference; fileEncoding = 4; lastKnownFileType = sourcecode.c.h; path = AppTextFieldCell.h; sourceTree = "<group>"; };
		D016016416FFB03A007A197E /* AppTextFieldCell.m */ = {isa = PBXFileReference; fileEncoding = 4; lastKnownFileType = sourcecode.c.objc; path = AppTextFieldCell.m; sourceTree = "<group>"; };
		D02D55E51809D97C001F0AC3 /* Application.h */ = {isa = PBXFileReference; fileEncoding = 4; lastKnownFileType = sourcecode.c.h; path = Application.h; sourceTree = "<group>"; };
		D02D55E61809D97C001F0AC3 /* Application.m */ = {isa = PBXFileReference; fileEncoding = 4; lastKnownFileType = sourcecode.c.objc; path = Application.m; sourceTree = "<group>"; };
		D05E69CC18086F7800BD4646 /* TaprSetupModel.h */ = {isa = PBXFileReference; fileEncoding = 4; lastKnownFileType = sourcecode.c.h; path = TaprSetupModel.h; sourceTree = "<group>"; };
		D05E69CD18086F7800BD4646 /* TaprSetupModel.m */ = {isa = PBXFileReference; fileEncoding = 4; lastKnownFileType = sourcecode.c.objc; path = TaprSetupModel.m; sourceTree = "<group>"; };
		D06646FF17EFD66A00A59967 /* MultitouchSupport.framework */ = {isa = PBXFileReference; lastKnownFileType = wrapper.framework; name = MultitouchSupport.framework; path = ../../../../../System/Library/PrivateFrameworks/MultitouchSupport.framework; sourceTree = "<group>"; };
		D06CF7441825C6F900755EA7 /* TaprRecognitionView.h */ = {isa = PBXFileReference; fileEncoding = 4; lastKnownFileType = sourcecode.c.h; path = TaprRecognitionView.h; sourceTree = "<group>"; };
		D06CF7451825C6F900755EA7 /* TaprRecognitionView.m */ = {isa = PBXFileReference; fileEncoding = 4; lastKnownFileType = sourcecode.c.objc; path = TaprRecognitionView.m; sourceTree = "<group>"; };
		D071F8BB1810E2B2002B3DD0 /* Sparkle.framework */ = {isa = PBXFileReference; lastKnownFileType = wrapper.framework; name = Sparkle.framework; path = Tapr/Sparkle.framework; sourceTree = "<group>"; };
		D071FF97180888E300CDC8FF /* TaprRecognitionModel.h */ = {isa = PBXFileReference; fileEncoding = 4; lastKnownFileType = sourcecode.c.h; path = TaprRecognitionModel.h; sourceTree = "<group>"; };
		D071FF98180888E300CDC8FF /* TaprRecognitionModel.m */ = {isa = PBXFileReference; fileEncoding = 4; lastKnownFileType = sourcecode.c.objc; path = TaprRecognitionModel.m; sourceTree = "<group>"; };
		D07340EC152578F400FC7910 /* Tapr.app */ = {isa = PBXFileReference; explicitFileType = wrapper.application; includeInIndex = 0; path = Tapr.app; sourceTree = BUILT_PRODUCTS_DIR; };
		D07340F0152578F400FC7910 /* Cocoa.framework */ = {isa = PBXFileReference; lastKnownFileType = wrapper.framework; name = Cocoa.framework; path = System/Library/Frameworks/Cocoa.framework; sourceTree = SDKROOT; };
		D07340F3152578F400FC7910 /* AppKit.framework */ = {isa = PBXFileReference; lastKnownFileType = wrapper.framework; name = AppKit.framework; path = System/Library/Frameworks/AppKit.framework; sourceTree = SDKROOT; };
		D07340F4152578F400FC7910 /* CoreData.framework */ = {isa = PBXFileReference; lastKnownFileType = wrapper.framework; name = CoreData.framework; path = System/Library/Frameworks/CoreData.framework; sourceTree = SDKROOT; };
		D07340F5152578F400FC7910 /* Foundation.framework */ = {isa = PBXFileReference; lastKnownFileType = wrapper.framework; name = Foundation.framework; path = System/Library/Frameworks/Foundation.framework; sourceTree = SDKROOT; };
		D073F55C15C358FF00843B5D /* QuartzCore.framework */ = {isa = PBXFileReference; lastKnownFileType = wrapper.framework; name = QuartzCore.framework; path = System/Library/Frameworks/QuartzCore.framework; sourceTree = SDKROOT; };
		D09D13AA181CD2B500DE2F02 /* NSStatusItemPrioritizer.h */ = {isa = PBXFileReference; fileEncoding = 4; lastKnownFileType = sourcecode.c.h; path = NSStatusItemPrioritizer.h; sourceTree = "<group>"; };
		D09D13AB181CD2B500DE2F02 /* NSStatusItemPrioritizer.m */ = {isa = PBXFileReference; fileEncoding = 4; lastKnownFileType = sourcecode.c.objc; path = NSStatusItemPrioritizer.m; sourceTree = "<group>"; };
		D0B502E916FBC87C0018781C /* background2.png */ = {isa = PBXFileReference; lastKnownFileType = image.png; path = background2.png; sourceTree = "<group>"; };
		D0B502EB16FBC9850018781C /* TaprSetupBackgroundView.h */ = {isa = PBXFileReference; fileEncoding = 4; lastKnownFileType = sourcecode.c.h; path = TaprSetupBackgroundView.h; sourceTree = "<group>"; };
		D0B502EC16FBC9850018781C /* TaprSetupBackgroundView.m */ = {isa = PBXFileReference; fileEncoding = 4; lastKnownFileType = sourcecode.c.objc; path = TaprSetupBackgroundView.m; sourceTree = "<group>"; };
		D0B502F016FBCDD00018781C /* AppButtonCell.h */ = {isa = PBXFileReference; fileEncoding = 4; lastKnownFileType = sourcecode.c.h; path = AppButtonCell.h; sourceTree = "<group>"; };
		D0B502F116FBCDD00018781C /* AppButtonCell.m */ = {isa = PBXFileReference; fileEncoding = 4; lastKnownFileType = sourcecode.c.objc; path = AppButtonCell.m; sourceTree = "<group>"; };
		D0B502F216FBCDD00018781C /* NSColor+ColorExtensions.h */ = {isa = PBXFileReference; fileEncoding = 4; lastKnownFileType = sourcecode.c.h; path = "NSColor+ColorExtensions.h"; sourceTree = "<group>"; };
		D0B502F316FBCDD00018781C /* NSColor+ColorExtensions.m */ = {isa = PBXFileReference; fileEncoding = 4; lastKnownFileType = sourcecode.c.objc; path = "NSColor+ColorExtensions.m"; sourceTree = "<group>"; };
		D0B5030216FBECB70018781C /* Icon.icns */ = {isa = PBXFileReference; lastKnownFileType = image.icns; path = Icon.icns; sourceTree = "<group>"; };
		D0CB917316DD419100BE0E9A /* Carbon.framework */ = {isa = PBXFileReference; lastKnownFileType = wrapper.framework; name = Carbon.framework; path = System/Library/Frameworks/Carbon.framework; sourceTree = SDKROOT; };
		D0CFB9A217089746005EDAB3 /* ShadowTextFieldCell.h */ = {isa = PBXFileReference; fileEncoding = 4; lastKnownFileType = sourcecode.c.h; path = ShadowTextFieldCell.h; sourceTree = "<group>"; };
		D0CFB9A317089746005EDAB3 /* ShadowTextFieldCell.m */ = {isa = PBXFileReference; fileEncoding = 4; lastKnownFileType = sourcecode.c.objc; path = ShadowTextFieldCell.m; sourceTree = "<group>"; };
		D0F13B9216FFE7B800EA2B87 /* AppSegmentedCell.h */ = {isa = PBXFileReference; fileEncoding = 4; lastKnownFileType = sourcecode.c.h; path = AppSegmentedCell.h; sourceTree = "<group>"; };
		D0F13B9316FFE7B800EA2B87 /* AppSegmentedCell.m */ = {isa = PBXFileReference; fileEncoding = 4; lastKnownFileType = sourcecode.c.objc; path = AppSegmentedCell.m; sourceTree = "<group>"; };
		D0F13B9516FFE7F300EA2B87 /* NSBezierPath+MCAdditions.h */ = {isa = PBXFileReference; fileEncoding = 4; lastKnownFileType = sourcecode.c.h; path = "NSBezierPath+MCAdditions.h"; sourceTree = "<group>"; };
		D0F13B9616FFE7F300EA2B87 /* NSBezierPath+MCAdditions.m */ = {isa = PBXFileReference; fileEncoding = 4; lastKnownFileType = sourcecode.c.objc; path = "NSBezierPath+MCAdditions.m"; sourceTree = "<group>"; };
		D0F2DEA217000E8D009A19B9 /* CoreServices.framework */ = {isa = PBXFileReference; lastKnownFileType = wrapper.framework; name = CoreServices.framework; path = System/Library/Frameworks/CoreServices.framework; sourceTree = SDKROOT; };
/* End PBXFileReference section */

/* Begin PBXFrameworksBuildPhase section */
		D07340E9152578F400FC7910 /* Frameworks */ = {
			isa = PBXFrameworksBuildPhase;
			buildActionMask = 2147483647;
			files = (
				D071F8BE1810E321002B3DD0 /* Sparkle.framework in Frameworks */,
				D066470017EFD66A00A59967 /* MultitouchSupport.framework in Frameworks */,
				D0F2DEA317000E8D009A19B9 /* CoreServices.framework in Frameworks */,
				D0CB917416DD419100BE0E9A /* Carbon.framework in Frameworks */,
				D073F55D15C358FF00843B5D /* QuartzCore.framework in Frameworks */,
				D054A8DF15C3596000EA4E4D /* Cocoa.framework in Frameworks */,
			);
			runOnlyForDeploymentPostprocessing = 0;
		};
/* End PBXFrameworksBuildPhase section */

/* Begin PBXGroup section */
		D001B43016D7441F00F8E413 /* Tapr */ = {
			isa = PBXGroup;
			children = (
				D001B45616D7441F00F8E413 /* MainMenu.xib */,
				D001B43416D7441F00F8E413 /* AppController.h */,
				D001B43516D7441F00F8E413 /* AppController.m */,
				D001B48016D7448100F8E413 /* Tapr Setup */,
				D001B48216D744D800F8E413 /* Tapr Recognition */,
				D0516E1417EFCFC500C48BD8 /* Multitouch Support */,
				D001B47F16D7446000F8E413 /* Supporting Files */,
			);
			path = Tapr;
			sourceTree = "<group>";
		};
		D001B47F16D7446000F8E413 /* Supporting Files */ = {
			isa = PBXGroup;
			children = (
				D0B502FA16FBE05F0018781C /* Categories */,
				D0516E1317EFCF9500C48BD8 /* Images */,
				D001B45516D7441F00F8E413 /* main.m */,
				D001B45C16D7441F00F8E413 /* Tapr-Info.plist */,
				D001B45D16D7441F00F8E413 /* Tapr-Prefix.pch */,
			);
			name = "Supporting Files";
			sourceTree = "<group>";
		};
		D001B48016D7448100F8E413 /* Tapr Setup */ = {
			isa = PBXGroup;
			children = (
				D0B37C3F18084017007364E8 /* Model */,
				D0B37C3E1808400B007364E8 /* Controller */,
				D0B37C3A18083986007364E8 /* View */,
			);
			name = "Tapr Setup";
			sourceTree = "<group>";
		};
		D001B48216D744D800F8E413 /* Tapr Recognition */ = {
			isa = PBXGroup;
			children = (
				D0B37C4118084045007364E8 /* Model */,
				D0B37C401808403B007364E8 /* Controller */,
				D0B37C3918083970007364E8 /* View */,
			);
			name = "Tapr Recognition";
			sourceTree = "<group>";
		};
		D0516E1317EFCF9500C48BD8 /* Images */ = {
			isa = PBXGroup;
			children = (
				D0B502E916FBC87C0018781C /* background2.png */,
			);
			name = Images;
			sourceTree = "<group>";
		};
		D0516E1417EFCFC500C48BD8 /* Multitouch Support */ = {
			isa = PBXGroup;
			children = (
				D0140F8F17EFD75E004C19F3 /* MultitouchSupport.h */,
				D0140F8317EFD6EE004C19F3 /* MultitouchEvent.h */,
				D0140F8417EFD6EE004C19F3 /* MultitouchEvent.m */,
				D0140F8517EFD6EE004C19F3 /* MultitouchListener.h */,
				D0140F8617EFD6EE004C19F3 /* MultitouchListener.m */,
				D0140F8717EFD6EE004C19F3 /* MultitouchManager.h */,
				D0140F8817EFD6EE004C19F3 /* MultitouchManager.m */,
				D0140F8917EFD6EE004C19F3 /* MultitouchTouch.h */,
				D0140F8A17EFD6EE004C19F3 /* MultitouchTouch.m */,
			);
			name = "Multitouch Support";
			sourceTree = "<group>";
		};
		D07340E1152578F400FC7910 = {
			isa = PBXGroup;
			children = (
				D0B5030216FBECB70018781C /* Icon.icns */,
				D001B43016D7441F00F8E413 /* Tapr */,
				D07340EF152578F400FC7910 /* Frameworks */,
				D07340ED152578F400FC7910 /* Products */,
			);
			sourceTree = "<group>";
		};
		D07340ED152578F400FC7910 /* Products */ = {
			isa = PBXGroup;
			children = (
				D07340EC152578F400FC7910 /* Tapr.app */,
			);
			name = Products;
			sourceTree = "<group>";
		};
		D07340EF152578F400FC7910 /* Frameworks */ = {
			isa = PBXGroup;
			children = (
				D071F8BB1810E2B2002B3DD0 /* Sparkle.framework */,
				D06646FF17EFD66A00A59967 /* MultitouchSupport.framework */,
				D0F2DEA217000E8D009A19B9 /* CoreServices.framework */,
				D0CB917316DD419100BE0E9A /* Carbon.framework */,
				D073F55C15C358FF00843B5D /* QuartzCore.framework */,
				D07340F0152578F400FC7910 /* Cocoa.framework */,
				D07340F2152578F400FC7910 /* Other Frameworks */,
			);
			name = Frameworks;
			sourceTree = "<group>";
		};
		D07340F2152578F400FC7910 /* Other Frameworks */ = {
			isa = PBXGroup;
			children = (
				D07340F3152578F400FC7910 /* AppKit.framework */,
				D07340F4152578F400FC7910 /* CoreData.framework */,
				D07340F5152578F400FC7910 /* Foundation.framework */,
			);
			name = "Other Frameworks";
			sourceTree = "<group>";
		};
		D0B37C3918083970007364E8 /* View */ = {
			isa = PBXGroup;
			children = (
				D001B44816D7441F00F8E413 /* TaprRecognitionWindow.h */,
				D001B44916D7441F00F8E413 /* TaprRecognitionWindow.m */,
				D06CF7441825C6F900755EA7 /* TaprRecognitionView.h */,
				D06CF7451825C6F900755EA7 /* TaprRecognitionView.m */,
			);
			name = View;
			sourceTree = "<group>";
		};
		D0B37C3A18083986007364E8 /* View */ = {
			isa = PBXGroup;
			children = (
				D001B44E16D7441F00F8E413 /* TaprSetupWindow.h */,
				D001B44F16D7441F00F8E413 /* TaprSetupWindow.m */,
				D0B502EB16FBC9850018781C /* TaprSetupBackgroundView.h */,
				D0B502EC16FBC9850018781C /* TaprSetupBackgroundView.m */,
				D0F13B9216FFE7B800EA2B87 /* AppSegmentedCell.h */,
				D0F13B9316FFE7B800EA2B87 /* AppSegmentedCell.m */,
				D0B502F016FBCDD00018781C /* AppButtonCell.h */,
				D0B502F116FBCDD00018781C /* AppButtonCell.m */,
				D016016316FFB03A007A197E /* AppTextFieldCell.h */,
				D016016416FFB03A007A197E /* AppTextFieldCell.m */,
				D0CFB9A217089746005EDAB3 /* ShadowTextFieldCell.h */,
				D0CFB9A317089746005EDAB3 /* ShadowTextFieldCell.m */,
				D09D13AA181CD2B500DE2F02 /* NSStatusItemPrioritizer.h */,
				D09D13AB181CD2B500DE2F02 /* NSStatusItemPrioritizer.m */,
			);
			name = View;
			sourceTree = "<group>";
		};
		D0B37C3E1808400B007364E8 /* Controller */ = {
			isa = PBXGroup;
			children = (
				D001B44A16D7441F00F8E413 /* TaprSetupController.h */,
				D001B44B16D7441F00F8E413 /* TaprSetupController.m */,
			);
			name = Controller;
			sourceTree = "<group>";
		};
		D0B37C3F18084017007364E8 /* Model */ = {
			isa = PBXGroup;
			children = (
				D05E69CC18086F7800BD4646 /* TaprSetupModel.h */,
				D05E69CD18086F7800BD4646 /* TaprSetupModel.m */,
			);
			name = Model;
			sourceTree = "<group>";
		};
		D0B37C401808403B007364E8 /* Controller */ = {
			isa = PBXGroup;
			children = (
				D001B44416D7441F00F8E413 /* TaprRecognitionController.h */,
				D001B44516D7441F00F8E413 /* TaprRecognitionController.m */,
			);
			name = Controller;
			sourceTree = "<group>";
		};
		D0B37C4118084045007364E8 /* Model */ = {
			isa = PBXGroup;
			children = (
				D071FF97180888E300CDC8FF /* TaprRecognitionModel.h */,
				D071FF98180888E300CDC8FF /* TaprRecognitionModel.m */,
				D001B43216D7441F00F8E413 /* Launchable.h */,
				D001B43316D7441F00F8E413 /* Launchable.m */,
				D02D55E51809D97C001F0AC3 /* Application.h */,
				D02D55E61809D97C001F0AC3 /* Application.m */,
			);
			name = Model;
			sourceTree = "<group>";
		};
		D0B502FA16FBE05F0018781C /* Categories */ = {
			isa = PBXGroup;
			children = (
				D0F13B9516FFE7F300EA2B87 /* NSBezierPath+MCAdditions.h */,
				D0F13B9616FFE7F300EA2B87 /* NSBezierPath+MCAdditions.m */,
				D0B502F216FBCDD00018781C /* NSColor+ColorExtensions.h */,
				D0B502F316FBCDD00018781C /* NSColor+ColorExtensions.m */,
			);
			name = Categories;
			sourceTree = "<group>";
		};
/* End PBXGroup section */

/* Begin PBXNativeTarget section */
		D07340EB152578F400FC7910 /* Tapr */ = {
			isa = PBXNativeTarget;
			buildConfigurationList = D073410A152578F400FC7910 /* Build configuration list for PBXNativeTarget "Tapr" */;
			buildPhases = (
				D07340E8152578F400FC7910 /* Sources */,
				D07340E9152578F400FC7910 /* Frameworks */,
				D07340EA152578F400FC7910 /* Resources */,
				D0A1ED1A1810B7110034FC34 /* CopyFiles */,
			);
			buildRules = (
			);
			dependencies = (
			);
			name = Tapr;
			productName = GestureControls;
			productReference = D07340EC152578F400FC7910 /* Tapr.app */;
			productType = "com.apple.product-type.application";
		};
/* End PBXNativeTarget section */

/* Begin PBXProject section */
		D07340E3152578F400FC7910 /* Project object */ = {
			isa = PBXProject;
			attributes = {
				LastUpgradeCheck = 0500;
				ORGANIZATIONNAME = mhuusko5;
				TargetAttributes = {
					D07340EB152578F400FC7910 = {
						DevelopmentTeam = KG7LGVJ8EA;
					};
				};
			};
			buildConfigurationList = D07340E6152578F400FC7910 /* Build configuration list for PBXProject "Tapr" */;
			compatibilityVersion = "Xcode 3.2";
			developmentRegion = English;
			hasScannedForEncodings = 0;
			knownRegions = (
				en,
			);
			mainGroup = D07340E1152578F400FC7910;
			productRefGroup = D07340ED152578F400FC7910 /* Products */;
			projectDirPath = "";
			projectRoot = "";
			targets = (
				D07340EB152578F400FC7910 /* Tapr */,
			);
		};
/* End PBXProject section */

/* Begin PBXResourcesBuildPhase section */
		D07340EA152578F400FC7910 /* Resources */ = {
			isa = PBXResourcesBuildPhase;
			buildActionMask = 2147483647;
			files = (
				D001B47616D7441F00F8E413 /* MainMenu.xib in Resources */,
				D0B502EA16FBC87C0018781C /* background2.png in Resources */,
				D0B5030316FBECB70018781C /* Icon.icns in Resources */,
			);
			runOnlyForDeploymentPostprocessing = 0;
		};
/* End PBXResourcesBuildPhase section */

/* Begin PBXSourcesBuildPhase section */
		D07340E8152578F400FC7910 /* Sources */ = {
			isa = PBXSourcesBuildPhase;
			buildActionMask = 2147483647;
			files = (
				D09D13AC181CD2B500DE2F02 /* NSStatusItemPrioritizer.m in Sources */,
				D001B46216D7441F00F8E413 /* Launchable.m in Sources */,
				D001B46316D7441F00F8E413 /* AppController.m in Sources */,
				D0140F8D17EFD6EE004C19F3 /* MultitouchManager.m in Sources */,
				D001B46C16D7441F00F8E413 /* TaprRecognitionController.m in Sources */,
				D001B46E16D7441F00F8E413 /* TaprRecognitionWindow.m in Sources */,
				D001B46F16D7441F00F8E413 /* TaprSetupController.m in Sources */,
				D001B47116D7441F00F8E413 /* TaprSetupWindow.m in Sources */,
				D0140F8B17EFD6EE004C19F3 /* MultitouchEvent.m in Sources */,
				D001B47516D7441F00F8E413 /* main.m in Sources */,
				D0B502ED16FBC9850018781C /* TaprSetupBackgroundView.m in Sources */,
				D0B502F516FBCDD10018781C /* AppButtonCell.m in Sources */,
				D0B502F616FBCDD10018781C /* NSColor+ColorExtensions.m in Sources */,
				D06CF7461825C6F900755EA7 /* TaprRecognitionView.m in Sources */,
				D0140F8C17EFD6EE004C19F3 /* MultitouchListener.m in Sources */,
				D016016516FFB03B007A197E /* AppTextFieldCell.m in Sources */,
				D0F13B9416FFE7B800EA2B87 /* AppSegmentedCell.m in Sources */,
				D0F13B9716FFE7F300EA2B87 /* NSBezierPath+MCAdditions.m in Sources */,
				D0CFB9A417089746005EDAB3 /* ShadowTextFieldCell.m in Sources */,
				D0140F8E17EFD6EE004C19F3 /* MultitouchTouch.m in Sources */,
				D05E69CE18086F7800BD4646 /* TaprSetupModel.m in Sources */,
				D071FF99180888E300CDC8FF /* TaprRecognitionModel.m in Sources */,
				D02D55E71809D97C001F0AC3 /* Application.m in Sources */,
			);
			runOnlyForDeploymentPostprocessing = 0;
		};
/* End PBXSourcesBuildPhase section */

/* Begin XCBuildConfiguration section */
		D0734108152578F400FC7910 /* Debug */ = {
			isa = XCBuildConfiguration;
			buildSettings = {
				ALWAYS_SEARCH_USER_PATHS = NO;
				ARCHS = "$(ARCHS_STANDARD_32_64_BIT)";
				CLANG_WARN__ARC_BRIDGE_CAST_NONARC = NO;
				CODE_SIGN_IDENTITY = "Developer ID Application";
				"CODE_SIGN_IDENTITY[sdk=macosx*]" = "";
				COPY_PHASE_STRIP = NO;
				DEBUG_INFORMATION_FORMAT = "dwarf-with-dsym";
				GCC_C_LANGUAGE_STANDARD = gnu99;
				GCC_DYNAMIC_NO_PIC = NO;
				GCC_ENABLE_OBJC_EXCEPTIONS = YES;
				GCC_ENABLE_OBJC_GC = supported;
				GCC_OPTIMIZATION_LEVEL = fast;
				GCC_PREPROCESSOR_DEFINITIONS = (
					"DEBUG=1",
					"$(inherited)",
				);
				GCC_SYMBOLS_PRIVATE_EXTERN = NO;
				GCC_VERSION = "";
				GCC_WARN_64_TO_32_BIT_CONVERSION = YES;
				GCC_WARN_ABOUT_RETURN_TYPE = YES;
				GCC_WARN_UNINITIALIZED_AUTOS = YES;
				GCC_WARN_UNUSED_VARIABLE = YES;
				MACOSX_DEPLOYMENT_TARGET = 10.7;
				ONLY_ACTIVE_ARCH = YES;
				OTHER_CODE_SIGN_FLAGS = "--deep";
				"OTHER_CODE_SIGN_FLAGS[sdk=*]" = "--deep";
				PROVISIONING_PROFILE = "39B56C00-1F1C-4E8B-9055-22A67468A3B9";
				SDKROOT = macosx10.8;
			};
			name = Debug;
		};
		D0734109152578F400FC7910 /* Release */ = {
			isa = XCBuildConfiguration;
			buildSettings = {
				ALWAYS_SEARCH_USER_PATHS = NO;
				ARCHS = "$(ARCHS_STANDARD_32_64_BIT)";
				CLANG_WARN__ARC_BRIDGE_CAST_NONARC = NO;
				CODE_SIGN_IDENTITY = "Developer ID Application";
				"CODE_SIGN_IDENTITY[sdk=macosx*]" = "";
				COPY_PHASE_STRIP = YES;
				DEBUG_INFORMATION_FORMAT = "dwarf-with-dsym";
				GCC_C_LANGUAGE_STANDARD = gnu99;
				GCC_ENABLE_OBJC_EXCEPTIONS = YES;
				GCC_ENABLE_OBJC_GC = supported;
				GCC_OPTIMIZATION_LEVEL = fast;
				GCC_SYMBOLS_PRIVATE_EXTERN = YES;
				GCC_VERSION = "";
				GCC_WARN_64_TO_32_BIT_CONVERSION = YES;
				GCC_WARN_ABOUT_RETURN_TYPE = YES;
				GCC_WARN_UNINITIALIZED_AUTOS = YES;
				GCC_WARN_UNUSED_VARIABLE = YES;
				MACOSX_DEPLOYMENT_TARGET = 10.7;
				ONLY_ACTIVE_ARCH = NO;
				OTHER_CODE_SIGN_FLAGS = "--deep";
				"OTHER_CODE_SIGN_FLAGS[sdk=*]" = "--deep";
				PROVISIONING_PROFILE = "39B56C00-1F1C-4E8B-9055-22A67468A3B9";
				SDKROOT = macosx10.8;
			};
			name = Release;
		};
		D073410B152578F400FC7910 /* Debug */ = {
			isa = XCBuildConfiguration;
			buildSettings = {
				ARCHS = "$(ARCHS_STANDARD_32_64_BIT)";
				CLANG_WARN__ARC_BRIDGE_CAST_NONARC = NO;
				CODE_SIGN_IDENTITY = "Developer ID Application";
				"CODE_SIGN_IDENTITY[sdk=macosx*]" = "";
				COMBINE_HIDPI_IMAGES = NO;
				COPY_PHASE_STRIP = NO;
				DEBUG_INFORMATION_FORMAT = "dwarf-with-dsym";
				FRAMEWORK_SEARCH_PATHS = (
					"$(inherited)",
					"$(SYSTEM_LIBRARY_DIR)/PrivateFrameworks",
					"\"$(SRCROOT)\"",
					"\"$(SRCROOT)/Tapr\"",
				);
				GCC_ENABLE_OBJC_GC = supported;
				GCC_OPTIMIZATION_LEVEL = fast;
				GCC_PRECOMPILE_PREFIX_HEADER = YES;
				GCC_PREFIX_HEADER = "Tapr/Tapr-Prefix.pch";
				GCC_SYMBOLS_PRIVATE_EXTERN = NO;
				GCC_VERSION = "";
				INFOPLIST_FILE = "Tapr/Tapr-Info.plist";
				MACOSX_DEPLOYMENT_TARGET = 10.7;
				ONLY_ACTIVE_ARCH = YES;
				OTHER_CODE_SIGN_FLAGS = "--deep";
				"OTHER_CODE_SIGN_FLAGS[sdk=*]" = "--deep";
				PRODUCT_NAME = Tapr;
				PROVISIONING_PROFILE = "39B56C00-1F1C-4E8B-9055-22A67468A3B9";
				SDKROOT = macosx10.8;
				SKIP_INSTALL = NO;
				WRAPPER_EXTENSION = app;
			};
			name = Debug;
		};
		D073410C152578F400FC7910 /* Release */ = {
			isa = XCBuildConfiguration;
			buildSettings = {
				ARCHS = "$(ARCHS_STANDARD_32_64_BIT)";
				CLANG_WARN__ARC_BRIDGE_CAST_NONARC = NO;
				CODE_SIGN_IDENTITY = "Developer ID Application";
				"CODE_SIGN_IDENTITY[sdk=macosx*]" = "";
				COMBINE_HIDPI_IMAGES = NO;
				COPY_PHASE_STRIP = YES;
				DEBUG_INFORMATION_FORMAT = "dwarf-with-dsym";
				FRAMEWORK_SEARCH_PATHS = (
					"$(inherited)",
					"$(SYSTEM_LIBRARY_DIR)/PrivateFrameworks",
					"\"$(SRCROOT)\"",
					"\"$(SRCROOT)/Tapr\"",
				);
				GCC_ENABLE_OBJC_GC = supported;
				GCC_OPTIMIZATION_LEVEL = fast;
				GCC_PRECOMPILE_PREFIX_HEADER = YES;
				GCC_PREFIX_HEADER = "Tapr/Tapr-Prefix.pch";
				GCC_SYMBOLS_PRIVATE_EXTERN = YES;
				GCC_VERSION = "";
				INFOPLIST_FILE = "Tapr/Tapr-Info.plist";
				MACOSX_DEPLOYMENT_TARGET = 10.7;
				ONLY_ACTIVE_ARCH = NO;
				OTHER_CODE_SIGN_FLAGS = "--deep";
				"OTHER_CODE_SIGN_FLAGS[sdk=*]" = "--deep";
				PRODUCT_NAME = Tapr;
				PROVISIONING_PROFILE = "39B56C00-1F1C-4E8B-9055-22A67468A3B9";
				SDKROOT = macosx10.8;
				SKIP_INSTALL = NO;
				WRAPPER_EXTENSION = app;
			};
			name = Release;
		};
/* End XCBuildConfiguration section */

/* Begin XCConfigurationList section */
		D07340E6152578F400FC7910 /* Build configuration list for PBXProject "Tapr" */ = {
			isa = XCConfigurationList;
			buildConfigurations = (
				D0734108152578F400FC7910 /* Debug */,
				D0734109152578F400FC7910 /* Release */,
			);
			defaultConfigurationIsVisible = 0;
			defaultConfigurationName = Release;
		};
		D073410A152578F400FC7910 /* Build configuration list for PBXNativeTarget "Tapr" */ = {
			isa = XCConfigurationList;
			buildConfigurations = (
				D073410B152578F400FC7910 /* Debug */,
				D073410C152578F400FC7910 /* Release */,
			);
			defaultConfigurationIsVisible = 0;
			defaultConfigurationName = Release;
		};
/* End XCConfigurationList section */
	};
	rootObject = D07340E3152578F400FC7910 /* Project object */;
}
